
Microsoft Visual Studio Solution File, Format Version 12.00
# Visual Studio Version 16
VisualStudioVersion = 16.0.31410.357
MinimumVisualStudioVersion = 10.0.40219.1
Project("{FAE04EC0-301F-11D3-BF4B-00C04F79EFBC}") = "Cerebro.POO(Arbol)", "Cerebro.POO(Arbol)\Cerebro.POO(Arbol).csproj", "{024B7761-053D-44F3-B426-6CE1F8368A32}"
EndProject
Project("{FAE04EC0-301F-11D3-BF4B-00C04F79EFBC}") = "Cerebro.Entidades", "Cerebro.Entidades\Cerebro.Entidades.csproj", "{C5F215F8-9CE5-4C55-BC01-BE9619CAEC25}"
EndProject
Global
	GlobalSection(SolutionConfigurationPlatforms) = preSolution
		Debug|Any CPU = Debug|Any CPU
		Release|Any CPU = Release|Any CPU
	EndGlobalSection
	GlobalSection(ProjectConfigurationPlatforms) = postSolution
		{024B7761-053D-44F3-B426-6CE1F8368A32}.Debug|Any CPU.ActiveCfg = Debug|Any CPU
		{024B7761-053D-44F3-B426-6CE1F8368A32}.Debug|Any CPU.Build.0 = Debug|Any CPU
		{024B7761-053D-44F3-B426-6CE1F8368A32}.Release|Any CPU.ActiveCfg = Release|Any CPU
		{024B7761-053D-44F3-B426-6CE1F8368A32}.Release|Any CPU.Build.0 = Release|Any CPU
		{C5F215F8-9CE5-4C55-BC01-BE9619CAEC25}.Debug|Any CPU.ActiveCfg = Debug|Any CPU
		{C5F215F8-9CE5-4C55-BC01-BE9619CAEC25}.Debug|Any CPU.Build.0 = Debug|Any CPU
		{C5F215F8-9CE5-4C55-BC01-BE9619CAEC25}.Release|Any CPU.ActiveCfg = Release|Any CPU
		{C5F215F8-9CE5-4C55-BC01-BE9619CAEC25}.Release|Any CPU.Build.0 = Release|Any CPU
	EndGlobalSection
	GlobalSection(SolutionProperties) = preSolution
		HideSolutionNode = FALSE
	EndGlobalSection
	GlobalSection(ExtensibilityGlobals) = postSolution
		SolutionGuid = {AFD21091-3FD2-46D5-9C1D-9D249836ACB3}
	EndGlobalSection
EndGlobal
