
Microsoft Visual Studio Solution File, Format Version 12.00
# Visual Studio Version 16
VisualStudioVersion = 16.0.31410.357
MinimumVisualStudioVersion = 10.0.40219.1
Project("{FAE04EC0-301F-11D3-BF4B-00C04F79EFBC}") = "ConsolaInyeccionDependencia", "ConsolaInyeccionDependencia\ConsolaInyeccionDependencia.csproj", "{01ED7792-D78E-4BE1-803A-A9BE81A28529}"
EndProject
Project("{FAE04EC0-301F-11D3-BF4B-00C04F79EFBC}") = "Inplementaciones", "Inplementaciones\Inplementaciones.csproj", "{C591EBC9-E655-42B6-8C1F-FD38BBF0F72A}"
EndProject
Project("{FAE04EC0-301F-11D3-BF4B-00C04F79EFBC}") = "Abstracciones", "Abstracciones\Abstracciones.csproj", "{04340003-8A91-4A10-B925-82C9FD2BE063}"
EndProject
Global
	GlobalSection(SolutionConfigurationPlatforms) = preSolution
		Debug|Any CPU = Debug|Any CPU
		Release|Any CPU = Release|Any CPU
	EndGlobalSection
	GlobalSection(ProjectConfigurationPlatforms) = postSolution
		{01ED7792-D78E-4BE1-803A-A9BE81A28529}.Debug|Any CPU.ActiveCfg = Debug|Any CPU
		{01ED7792-D78E-4BE1-803A-A9BE81A28529}.Debug|Any CPU.Build.0 = Debug|Any CPU
		{01ED7792-D78E-4BE1-803A-A9BE81A28529}.Release|Any CPU.ActiveCfg = Release|Any CPU
		{01ED7792-D78E-4BE1-803A-A9BE81A28529}.Release|Any CPU.Build.0 = Release|Any CPU
		{C591EBC9-E655-42B6-8C1F-FD38BBF0F72A}.Debug|Any CPU.ActiveCfg = Debug|Any CPU
		{C591EBC9-E655-42B6-8C1F-FD38BBF0F72A}.Debug|Any CPU.Build.0 = Debug|Any CPU
		{C591EBC9-E655-42B6-8C1F-FD38BBF0F72A}.Release|Any CPU.ActiveCfg = Release|Any CPU
		{C591EBC9-E655-42B6-8C1F-FD38BBF0F72A}.Release|Any CPU.Build.0 = Release|Any CPU
		{04340003-8A91-4A10-B925-82C9FD2BE063}.Debug|Any CPU.ActiveCfg = Debug|Any CPU
		{04340003-8A91-4A10-B925-82C9FD2BE063}.Debug|Any CPU.Build.0 = Debug|Any CPU
		{04340003-8A91-4A10-B925-82C9FD2BE063}.Release|Any CPU.ActiveCfg = Release|Any CPU
		{04340003-8A91-4A10-B925-82C9FD2BE063}.Release|Any CPU.Build.0 = Release|Any CPU
	EndGlobalSection
	GlobalSection(SolutionProperties) = preSolution
		HideSolutionNode = FALSE
	EndGlobalSection
	GlobalSection(ExtensibilityGlobals) = postSolution
		SolutionGuid = {AA5440DE-E7A1-4C26-94AF-49557CF9110D}
	EndGlobalSection
EndGlobal
