
Microsoft Visual Studio Solution File, Format Version 12.00
# Visual Studio Version 16
VisualStudioVersion = 16.0.31410.357
MinimumVisualStudioVersion = 10.0.40219.1
Project("{FAE04EC0-301F-11D3-BF4B-00C04F79EFBC}") = "Excepciones", "Excepciones\Excepciones.csproj", "{DD590920-1C63-4426-9081-D481E8BF0D51}"
EndProject
Global
	GlobalSection(SolutionConfigurationPlatforms) = preSolution
		Debug|Any CPU = Debug|Any CPU
		Release|Any CPU = Release|Any CPU
	EndGlobalSection
	GlobalSection(ProjectConfigurationPlatforms) = postSolution
		{DD590920-1C63-4426-9081-D481E8BF0D51}.Debug|Any CPU.ActiveCfg = Debug|Any CPU
		{DD590920-1C63-4426-9081-D481E8BF0D51}.Debug|Any CPU.Build.0 = Debug|Any CPU
		{DD590920-1C63-4426-9081-D481E8BF0D51}.Release|Any CPU.ActiveCfg = Release|Any CPU
		{DD590920-1C63-4426-9081-D481E8BF0D51}.Release|Any CPU.Build.0 = Release|Any CPU
	EndGlobalSection
	GlobalSection(SolutionProperties) = preSolution
		HideSolutionNode = FALSE
	EndGlobalSection
	GlobalSection(ExtensibilityGlobals) = postSolution
		SolutionGuid = {2A00AD6D-4C64-43BF-917F-22938BA6509D}
	EndGlobalSection
EndGlobal
