
Microsoft Visual Studio Solution File, Format Version 12.00
# Visual Studio Version 16
VisualStudioVersion = 16.0.31410.357
MinimumVisualStudioVersion = 10.0.40219.1
Project("{FAE04EC0-301F-11D3-BF4B-00C04F79EFBC}") = "Ordenamiento", "Ordenamiento\Ordenamiento.csproj", "{B79EF857-CC2E-4F74-BDB0-66847E2E9205}"
EndProject
Global
	GlobalSection(SolutionConfigurationPlatforms) = preSolution
		Debug|Any CPU = Debug|Any CPU
		Release|Any CPU = Release|Any CPU
	EndGlobalSection
	GlobalSection(ProjectConfigurationPlatforms) = postSolution
		{B79EF857-CC2E-4F74-BDB0-66847E2E9205}.Debug|Any CPU.ActiveCfg = Debug|Any CPU
		{B79EF857-CC2E-4F74-BDB0-66847E2E9205}.Debug|Any CPU.Build.0 = Debug|Any CPU
		{B79EF857-CC2E-4F74-BDB0-66847E2E9205}.Release|Any CPU.ActiveCfg = Release|Any CPU
		{B79EF857-CC2E-4F74-BDB0-66847E2E9205}.Release|Any CPU.Build.0 = Release|Any CPU
	EndGlobalSection
	GlobalSection(SolutionProperties) = preSolution
		HideSolutionNode = FALSE
	EndGlobalSection
	GlobalSection(ExtensibilityGlobals) = postSolution
		SolutionGuid = {9DCABF1C-80AD-4E63-B0E4-6E5715875529}
	EndGlobalSection
EndGlobal
