
Microsoft Visual Studio Solution File, Format Version 12.00
# Visual Studio Version 16
VisualStudioVersion = 16.0.31410.357
MinimumVisualStudioVersion = 10.0.40219.1
Project("{FAE04EC0-301F-11D3-BF4B-00C04F79EFBC}") = "Árbol3", "Árbol2-parte2\Árbol3.csproj", "{5AE84FFD-F622-4E95-A764-88F6886049D3}"
EndProject
Global
	GlobalSection(SolutionConfigurationPlatforms) = preSolution
		Debug|Any CPU = Debug|Any CPU
		Release|Any CPU = Release|Any CPU
	EndGlobalSection
	GlobalSection(ProjectConfigurationPlatforms) = postSolution
		{5AE84FFD-F622-4E95-A764-88F6886049D3}.Debug|Any CPU.ActiveCfg = Debug|Any CPU
		{5AE84FFD-F622-4E95-A764-88F6886049D3}.Debug|Any CPU.Build.0 = Debug|Any CPU
		{5AE84FFD-F622-4E95-A764-88F6886049D3}.Release|Any CPU.ActiveCfg = Release|Any CPU
		{5AE84FFD-F622-4E95-A764-88F6886049D3}.Release|Any CPU.Build.0 = Release|Any CPU
	EndGlobalSection
	GlobalSection(SolutionProperties) = preSolution
		HideSolutionNode = FALSE
	EndGlobalSection
	GlobalSection(ExtensibilityGlobals) = postSolution
		SolutionGuid = {E0BCB750-1D0D-4876-928D-708C4C27F6D4}
	EndGlobalSection
EndGlobal
